
Microsoft Visual Studio Solution File, Format Version 12.00
# Visual Studio Version 17
VisualStudioVersion = 17.12.35323.107
MinimumVisualStudioVersion = 10.0.40219.1
Project("{FAE04EC0-301F-11D3-BF4B-00C04F79EFBC}") = "aspnetcoreapiex1", "aspnetcoreapiex1\aspnetcoreapiex1.csproj", "{F239627D-7DFB-41CC-874F-8FF72343CDC9}"
EndProject
Global
	GlobalSection(SolutionConfigurationPlatforms) = preSolution
		Debug|Any CPU = Debug|Any CPU
		Release|Any CPU = Release|Any CPU
	EndGlobalSection
	GlobalSection(ProjectConfigurationPlatforms) = postSolution
		{F239627D-7DFB-41CC-874F-8FF72343CDC9}.Debug|Any CPU.ActiveCfg = Debug|Any CPU
		{F239627D-7DFB-41CC-874F-8FF72343CDC9}.Debug|Any CPU.Build.0 = Debug|Any CPU
		{F239627D-7DFB-41CC-874F-8FF72343CDC9}.Release|Any CPU.ActiveCfg = Release|Any CPU
		{F239627D-7DFB-41CC-874F-8FF72343CDC9}.Release|Any CPU.Build.0 = Release|Any CPU
	EndGlobalSection
	GlobalSection(SolutionProperties) = preSolution
		HideSolutionNode = FALSE
	EndGlobalSection
	GlobalSection(ExtensibilityGlobals) = postSolution
		SolutionGuid = {32F42B52-A7F6-4705-AFE4-1023C320C851}
	EndGlobalSection
EndGlobal
